github.com/davecgh/go-spew v1.1.1 h1:vj9j/u1bqnvCEfJOwUhtlOARqs3+rkHYY13jYWTU97c=
github.com/davecgh/go-spew v1.1.1/go.mod h1:J7Y8YcW2NihsgmVo/mv3lAwl/skON4iLHjSsI+c5H38=
github.com/gomatic/go-app v0.2.0 h1:QedURMIcxXTQhde587IHst4WnxDjE6WWZj1N8PLz6zI=
github.com/gomatic/go-app v0.2.0/go.mod h1:wTcMDmCOTd05s5toPW1yLDdce9wX7kqi0CI3oMIAxSo=
github.com/gomatic/go-error v0.2.2 h1:idSMJduSTDFOp48MnuhMsBH53HrHd8P7LNhdWHtWaVg=
github.com/gomatic/go-error v0.2.2/go.mod h1:+PAmcazlzCIDFBglesekV1LUQTEaQB+5801gftMxgZY=
github.com/gomatic/go-log v0.2.0 h1:aENZTfpIj4ifbhmx/8KOIDkDukdxquRfMfYHbdo9RIY=
github.com/gomatic/go-log v0.2.0/go.mod h1:8yusazmzf+STyWR3swgBte1xFVSBXQmaOtJaLBTzV0s=
github.com/gomatic/go-output v0.2.0 h1:+BofqEZhxRPMgAnzjCOwiPqQrUljYCmMcxCDQJKycQM=
github.com/gomatic/go-output v0.2.0/go.mod h1:FCbm/z/pTxOmxHqeppmY0774ixMwn9g89HAaQ26B+xg=
github.com/gomatic/go-sql v0.0.2 h1:XGytatxukf8mzqxKxzzvXfo9/cyArYeKpc5dGrhTbE4=
github.com/gomatic/go-sql v0.0.2/go.mod h1:+76kFy4GeNkM8R18vSV1qdPuS+z6MmqIzcQcRwSnjK0=
github.com/google/go-cmp v0.7.0 h1:wk8382ETsv4JYUZwIsn6YpYiWiBsYLSJiTsyBybVuN8=
github.com/google/go-cmp v0.7.0/go.mod h1:pXiqmnSA92OHEEa9HXL2W4E7lf9JzCmGVUdgjX3N/iU=
github.com/pganalyze/pg_query_go/v6 v6.2.2 h1:O0L6zMC226R82RF3X5n0Ki6HjytDsoAzuzp4ATVAHNo=
github.com/pganalyze/pg_query_go/v6 v6.2.2/go.mod h1:Cn6+j4870kJz3iYNsb0VsNG04vpSWgEvBwc590J4qD0=
github.com/pmezard/go-difflib v1.0.0 h1:4DBwDE0NGyQoBHbLQYPwSUPoCMWR5BEzIk/f1lZbAQM=
github.com/pmezard/go-difflib v1.0.0/go.mod h1:iKH77koFhYxTK1pcRnkKkqfTogsbg7gZNVY4sRDYZ/4=
github.com/stretchr/testify v1.11.1 h1:7s2iGBzp5EwR7/aIZr8ao5+dra3wiQyKjjFuvgVKu7U=
github.com/stretchr/testify v1.11.1/go.mod h1:wZwfW3scLgRK+23gO65QZefKpKQRnfz6sD981Nm4B6U=
github.com/urfave/cli/v3 v3.10.0 h1:0aU8yOObVDMkM13Cj4G+zb4P0PdeJMec65f81Ak1ioM=
github.com/urfave/cli/v3 v3.10.0/go.mod h1:ysVLtOEmg2tOy6PknnYVhDoouyC/6N42TMeoMzskhso=
google.golang.org/protobuf v1.36.10 h1:AYd7cD/uASjIL6Q9LiTjz8JLcrh/88q5UObnmY3aOOE=
google.golang.org/protobuf v1.36.10/go.mod h1:HTf+CrKn2C3g5S8VImy6tdcUvCska2kB7j23XfzDpco=
gopkg.in/check.v1 v0.0.0-20161208181325-20d25e280405 h1:yhCVgyC4o1eVCa2tZl7eS0r+SDo693bJlVdllGtEeKM=
gopkg.in/check.v1 v0.0.0-20161208181325-20d25e280405/go.mod h1:Co6ibVJAznAaIkqp8huTwlJQCZ016jof/cbN4VW5Yz0=
gopkg.in/yaml.v3 v3.0.1 h1:fxVm/GzAzEWqLHuvctI91KS9hhNmmWOoWu0XTYJS7CA=
gopkg.in/yaml.v3 v3.0.1/go.mod h1:K4uyk7z7BCEPqu6E+C64Yfv1cQ7kz7rIZviUmN+EgEM=
